<?xml version="1.0" encoding="UTF-8" standalone="yes" ?>
<CodeBlocks_project_file>
	<FileVersion major="1" minor="6" />
	<Project>
		<Option title="NeoGenesisProject" />
		<Option pch_mode="2" />
		<Option compiler="gcc" />
		<Build>
			<Target title="Debug">
				<Option output="bin/Debug/NeoGenesis" prefix_auto="1" extension_auto="1" />
				<Option object_output="obj/Debug/" />
				<Option type="1" />
				<Option compiler="gcc" />
				<Compiler>
					<Add option="-g" />
					<Add option="-DSFML_STATIC" />
					<Add directory="../../sfml2build/sfml2src/include" />
				</Compiler>
				<Linker>
					<Add library="sfml-graphics" />
					<Add library="sfml-window" />
					<Add library="sfml-audio" />
					<Add library="sfml-network" />
					<Add library="sfml-system" />
					<Add directory="../../sfml2build/sfml2src/lib" />
				</Linker>
			</Target>
			<Target title="Release">
				<Option output="bin/Release/NeoGenesis" prefix_auto="1" extension_auto="1" />
				<Option object_output="obj/Release/" />
				<Option type="1" />
				<Option compiler="gcc" />
				<Compiler>
					<Add option="-O2" />
				</Compiler>
				<Linker>
					<Add option="-s" />
				</Linker>
			</Target>
		</Build>
		<Compiler>
			<Add option="-Wall" />
		</Compiler>
		<Unit filename="Class/Atributes.cpp">
			<Option target="Debug" />
		</Unit>
		<Unit filename="Class/Atributes.h">
			<Option target="&lt;{~None~}&gt;" />
		</Unit>
		<Unit filename="Class/Estado.cpp">
			<Option target="Debug" />
		</Unit>
		<Unit filename="Class/Estado.h">
			<Option target="&lt;{~None~}&gt;" />
		</Unit>
		<Unit filename="Class/Map.cpp">
			<Option target="Debug" />
		</Unit>
		<Unit filename="Class/Map.h">
			<Option target="&lt;{~None~}&gt;" />
		</Unit>
		<Unit filename="Class/Menu.cpp">
			<Option target="Debug" />
		</Unit>
		<Unit filename="Class/Menu.h">
			<Option target="&lt;{~None~}&gt;" />
		</Unit>
		<Unit filename="Class/Player.cpp">
			<Option target="Debug" />
		</Unit>
		<Unit filename="Class/Player.h">
			<Option target="&lt;{~None~}&gt;" />
		</Unit>
		<Unit filename="Class/Races.cpp">
			<Option target="Debug" />
		</Unit>
		<Unit filename="Class/Races.h" />
		<Unit filename="include.h">
			<Option target="&lt;{~None~}&gt;" />
		</Unit>
		<Unit filename="main.cpp" />
		<Unit filename="sfml.h">
			<Option target="&lt;{~None~}&gt;" />
		</Unit>
		<Extensions>
			<code_completion />
			<debugger />
		</Extensions>
	</Project>
</CodeBlocks_project_file>
